// !$*UTF8*$!
{
	archiveVersion = 1;
	classes = {
	};
	objectVersion = 46;
	objects = {

/* Begin PBXBuildFile section */
		43F1C4D71F5918B0003C52F0 /* AppDelegate.swift in Sources */ = {isa = PBXBuildFile; fileRef = 43F1C4D61F5918B0003C52F0 /* AppDelegate.swift */; };
		43F1C4D91F5918B0003C52F0 /* MasterViewController.swift in Sources */ = {isa = PBXBuildFile; fileRef = 43F1C4D81F5918B0003C52F0 /* MasterViewController.swift */; };
		43F1C4DB1F5918B0003C52F0 /* DetailViewController.swift in Sources */ = {isa = PBXBuildFile; fileRef = 43F1C4DA1F5918B0003C52F0 /* DetailViewController.swift */; };
		43F1C4DE1F5918B0003C52F0 /* Main.storyboard in Resources */ = {isa = PBXBuildFile; fileRef = 43F1C4DC1F5918B0003C52F0 /* Main.storyboard */; };
		43F1C4E01F5918B0003C52F0 /* Assets.xcassets in Resources */ = {isa = PBXBuildFile; fileRef = 43F1C4DF1F5918B0003C52F0 /* Assets.xcassets */; };
		43F1C4E31F5918B0003C52F0 /* LaunchScreen.storyboard in Resources */ = {isa = PBXBuildFile; fileRef = 43F1C4E11F5918B0003C52F0 /* LaunchScreen.storyboard */; };
/* End PBXBuildFile section */

/* Begin PBXFileReference section */
		43F1C4D31F5918B0003C52F0 /* CampusConnect.app */ = {isa = PBXFileReference; explicitFileType = wrapper.application; includeInIndex = 0; path = CampusConnect.app; sourceTree = BUILT_PRODUCTS_DIR; };
		43F1C4D61F5918B0003C52F0 /* AppDelegate.swift */ = {isa = PBXFileReference; lastKnownFileType = sourcecode.swift; path = AppDelegate.swift; sourceTree = "<group>"; };
		43F1C4D81F5918B0003C52F0 /* MasterViewController.swift */ = {isa = PBXFileReference; lastKnownFileType = sourcecode.swift; path = MasterViewController.swift; sourceTree = "<group>"; };
		43F1C4DA1F5918B0003C52F0 /* DetailViewController.swift */ = {isa = PBXFileReference; lastKnownFileType = sourcecode.swift; path = DetailViewController.swift; sourceTree = "<group>"; };
		43F1C4DD1F5918B0003C52F0 /* Base */ = {isa = PBXFileReference; lastKnownFileType = file.storyboard; name = Base; path = Base.lproj/Main.storyboard; sourceTree = "<group>"; };
		43F1C4DF1F5918B0003C52F0 /* Assets.xcassets */ = {isa = PBXFileReference; lastKnownFileType = folder.assetcatalog; path = Assets.xcassets; sourceTree = "<group>"; };
		43F1C4E21F5918B0003C52F0 /* Base */ = {isa = PBXFileReference; lastKnownFileType = file.storyboard; name = Base; path = Base.lproj/LaunchScreen.storyboard; sourceTree = "<group>"; };
		43F1C4E41F5918B0003C52F0 /* Info.plist */ = {isa = PBXFileReference; lastKnownFileType = text.plist.xml; path = Info.plist; sourceTree = "<group>"; };
/* End PBXFileReference section */

/* Begin PBXFrameworksBuildPhase section */
		43F1C4D01F5918B0003C52F0 /* Frameworks */ = {
			isa = PBXFrameworksBuildPhase;
			buildActionMask = 2147483647;
			files = (
			);
			runOnlyForDeploymentPostprocessing = 0;
		};
/* End PBXFrameworksBuildPhase section */

/* Begin PBXGroup section */
		43F1C4CA1F5918B0003C52F0 = {
			isa = PBXGroup;
			children = (
				43F1C4D51F5918B0003C52F0 /* CampusConnect */,
				43F1C4D41F5918B0003C52F0 /* Products */,
			);
			sourceTree = "<group>";
		};
		43F1C4D41F5918B0003C52F0 /* Products */ = {
			isa = PBXGroup;
			children = (
				43F1C4D31F5918B0003C52F0 /* CampusConnect.app */,
			);
			name = Products;
			sourceTree = "<group>";
		};
		43F1C4D51F5918B0003C52F0 /* CampusConnect */ = {
			isa = PBXGroup;
			children = (
				43F1C4D61F5918B0003C52F0 /* AppDelegate.swift */,
				43F1C4D81F5918B0003C52F0 /* MasterViewController.swift */,
				43F1C4DA1F5918B0003C52F0 /* DetailViewController.swift */,
				43F1C4DC1F5918B0003C52F0 /* Main.storyboard */,
				43F1C4DF1F5918B0003C52F0 /* Assets.xcassets */,
				43F1C4E11F5918B0003C52F0 /* LaunchScreen.storyboard */,
				43F1C4E41F5918B0003C52F0 /* Info.plist */,
			);
			path = CampusConnect;
			sourceTree = "<group>";
		};
/* End PBXGroup section */

/* Begin PBXNativeTarget section */
		43F1C4D21F5918B0003C52F0 /* CampusConnect */ = {
			isa = PBXNativeTarget;
			buildConfigurationList = 43F1C4E71F5918B0003C52F0 /* Build configuration list for PBXNativeTarget "CampusConnect" */;
			buildPhases = (
				43F1C4CF1F5918B0003C52F0 /* Sources */,
				43F1C4D01F5918B0003C52F0 /* Frameworks */,
				43F1C4D11F5918B0003C52F0 /* Resources */,
			);
			buildRules = (
			);
			dependencies = (
			);
			name = CampusConnect;
			productName = CampusConnect;
			productReference = 43F1C4D31F5918B0003C52F0 /* CampusConnect.app */;
			productType = "com.apple.product-type.application";
		};
/* End PBXNativeTarget section */

/* Begin PBXProject section */
		43F1C4CB1F5918B0003C52F0 /* Project object */ = {
			isa = PBXProject;
			attributes = {
				LastSwiftUpdateCheck = 0830;
				LastUpgradeCheck = 0830;
				ORGANIZATIONNAME = CampusConnect;
				TargetAttributes = {
					43F1C4D21F5918B0003C52F0 = {
						CreatedOnToolsVersion = 8.3.3;
						DevelopmentTeam = Y887SSC5T4;
						ProvisioningStyle = Automatic;
					};
				};
			};
			buildConfigurationList = 43F1C4CE1F5918B0003C52F0 /* Build configuration list for PBXProject "CampusConnect" */;
			compatibilityVersion = "Xcode 3.2";
			developmentRegion = English;
			hasScannedForEncodings = 0;
			knownRegions = (
				en,
				Base,
			);
			mainGroup = 43F1C4CA1F5918B0003C52F0;
			productRefGroup = 43F1C4D41F5918B0003C52F0 /* Products */;
			projectDirPath = "";
			projectRoot = "";
			targets = (
				43F1C4D21F5918B0003C52F0 /* CampusConnect */,
			);
		};
/* End PBXProject section */

/* Begin PBXResourcesBuildPhase section */
		43F1C4D11F5918B0003C52F0 /* Resources */ = {
			isa = PBXResourcesBuildPhase;
			buildActionMask = 2147483647;
			files = (
				43F1C4E31F5918B0003C52F0 /* LaunchScreen.storyboard in Resources */,
				43F1C4E01F5918B0003C52F0 /* Assets.xcassets in Resources */,
				43F1C4DE1F5918B0003C52F0 /* Main.storyboard in Resources */,
			);
			runOnlyForDeploymentPostprocessing = 0;
		};
/* End PBXResourcesBuildPhase section */

/* Begin PBXSourcesBuildPhase section */
		43F1C4CF1F5918B0003C52F0 /* Sources */ = {
			isa = PBXSourcesBuildPhase;
			buildActionMask = 2147483647;
			files = (
				43F1C4DB1F5918B0003C52F0 /* DetailViewController.swift in Sources */,
				43F1C4D91F5918B0003C52F0 /* MasterViewController.swift in Sources */,
				43F1C4D71F5918B0003C52F0 /* AppDelegate.swift in Sources */,
			);
			runOnlyForDeploymentPostprocessing = 0;
		};
/* End PBXSourcesBuildPhase section */

/* Begin PBXVariantGroup section */
		43F1C4DC1F5918B0003C52F0 /* Main.storyboard */ = {
			isa = PBXVariantGroup;
			children = (
				43F1C4DD1F5918B0003C52F0 /* Base */,
			);
			name = Main.storyboard;
			sourceTree = "<group>";
		};
		43F1C4E11F5918B0003C52F0 /* LaunchScreen.storyboard */ = {
			isa = PBXVariantGroup;
			children = (
				43F1C4E21F5918B0003C52F0 /* Base */,
			);
			name = LaunchScreen.storyboard;
			sourceTree = "<group>";
		};
/* End PBXVariantGroup section */

/* Begin XCBuildConfiguration section */
		43F1C4E51F5918B0003C52F0 /* Debug */ = {
			isa = XCBuildConfiguration;
			buildSettings = {
				ALWAYS_SEARCH_USER_PATHS = NO;
				CLANG_ANALYZER_NONNULL = YES;
				CLANG_ANALYZER_NUMBER_OBJECT_CONVERSION = YES_AGGRESSIVE;
				CLANG_CXX_LANGUAGE_STANDARD = "gnu++0x";
				CLANG_CXX_LIBRARY = "libc++";
				CLANG_ENABLE_MODULES = YES;
				CLANG_ENABLE_OBJC_ARC = YES;
				CLANG_WARN_BOOL_CONVERSION = YES;
				CLANG_WARN_CONSTANT_CONVERSION = YES;
				CLANG_WARN_DIRECT_OBJC_ISA_USAGE = YES_ERROR;
				CLANG_WARN_DOCUMENTATION_COMMENTS = YES;
				CLANG_WARN_EMPTY_BODY = YES;
				CLANG_WARN_ENUM_CONVERSION = YES;
				CLANG_WARN_INFINITE_RECURSION = YES;
				CLANG_WARN_INT_CONVERSION = YES;
				CLANG_WARN_OBJC_ROOT_CLASS = YES_ERROR;
				CLANG_WARN_SUSPICIOUS_MOVE = YES;
				CLANG_WARN_UNREACHABLE_CODE = YES;
				CLANG_WARN__DUPLICATE_METHOD_MATCH = YES;
				"CODE_SIGN_IDENTITY[sdk=iphoneos*]" = "iPhone Developer";
				COPY_PHASE_STRIP = NO;
				DEBUG_INFORMATION_FORMAT = dwarf;
				ENABLE_STRICT_OBJC_MSGSEND = YES;
				ENABLE_TESTABILITY = YES;
				GCC_C_LANGUAGE_STANDARD = gnu99;
				GCC_DYNAMIC_NO_PIC = NO;
				GCC_NO_COMMON_BLOCKS = YES;
				GCC_OPTIMIZATION_LEVEL = 0;
				GCC_PREPROCESSOR_DEFINITIONS = (
					"DEBUG=1",
					"$(inherited)",
				);
				GCC_WARN_64_TO_32_BIT_CONVERSION = YES;
				GCC_WARN_ABOUT_RETURN_TYPE = YES_ERROR;
				GCC_WARN_UNDECLARED_SELECTOR = YES;
				GCC_WARN_UNINITIALIZED_AUTOS = YES_AGGRESSIVE;
				GCC_WARN_UNUSED_FUNCTION = YES;
				GCC_WARN_UNUSED_VARIABLE = YES;
				IPHONEOS_DEPLOYMENT_TARGET = 10.3;
				MTL_ENABLE_DEBUG_INFO = YES;
				ONLY_ACTIVE_ARCH = YES;
				SDKROOT = iphoneos;
				SWIFT_ACTIVE_COMPILATION_CONDITIONS = DEBUG;
				SWIFT_OPTIMIZATION_LEVEL = "-Onone";
				TARGETED_DEVICE_FAMILY = "1,2";
			};
			name = Debug;
		};
		43F1C4E61F5918B0003C52F0 /* Release */ = {
			isa = XCBuildConfiguration;
			buildSettings = {
				ALWAYS_SEARCH_USER_PATHS = NO;
				CLANG_ANALYZER_NONNULL = YES;
				CLANG_ANALYZER_NUMBER_OBJECT_CONVERSION = YES_AGGRESSIVE;
				CLANG_CXX_LANGUAGE_STANDARD = "gnu++0x";
				CLANG_CXX_LIBRARY = "libc++";
				CLANG_ENABLE_MODULES = YES;
				CLANG_ENABLE_OBJC_ARC = YES;
				CLANG_WARN_BOOL_CONVERSION = YES;
				CLANG_WARN_CONSTANT_CONVERSION = YES;
				CLANG_WARN_DIRECT_OBJC_ISA_USAGE = YES_ERROR;
				CLANG_WARN_DOCUMENTATION_COMMENTS = YES;
				CLANG_WARN_EMPTY_BODY = YES;
				CLANG_WARN_ENUM_CONVERSION = YES;
				CLANG_WARN_INFINITE_RECURSION = YES;
				CLANG_WARN_INT_CONVERSION = YES;
				CLANG_WARN_OBJC_ROOT_CLASS = YES_ERROR;
				CLANG_WARN_SUSPICIOUS_MOVE = YES;
				CLANG_WARN_UNREACHABLE_CODE = YES;
				CLANG_WARN__DUPLICATE_METHOD_MATCH = YES;
				"CODE_SIGN_IDENTITY[sdk=iphoneos*]" = "iPhone Developer";
				COPY_PHASE_STRIP = NO;
				DEBUG_INFORMATION_FORMAT = "dwarf-with-dsym";
				ENABLE_NS_ASSERTIONS = NO;
				ENABLE_STRICT_OBJC_MSGSEND = YES;
				GCC_C_LANGUAGE_STANDARD = gnu99;
				GCC_NO_COMMON_BLOCKS = YES;
				GCC_WARN_64_TO_32_BIT_CONVERSION = YES;
				GCC_WARN_ABOUT_RETURN_TYPE = YES_ERROR;
				GCC_WARN_UNDECLARED_SELECTOR = YES;
				GCC_WARN_UNINITIALIZED_AUTOS = YES_AGGRESSIVE;
				GCC_WARN_UNUSED_FUNCTION = YES;
				GCC_WARN_UNUSED_VARIABLE = YES;
				IPHONEOS_DEPLOYMENT_TARGET = 10.3;
				MTL_ENABLE_DEBUG_INFO = NO;
				SDKROOT = iphoneos;
				SWIFT_OPTIMIZATION_LEVEL = "-Owholemodule";
				TARGETED_DEVICE_FAMILY = "1,2";
				VALIDATE_PRODUCT = YES;
			};
			name = Release;
		};
		43F1C4E81F5918B0003C52F0 /* Debug */ = {
			isa = XCBuildConfiguration;
			buildSettings = {
				ASSETCATALOG_COMPILER_APPICON_NAME = AppIcon;
				DEVELOPMENT_TEAM = Y887SSC5T4;
				INFOPLIST_FILE = CampusConnect/Info.plist;
				LD_RUNPATH_SEARCH_PATHS = "$(inherited) @executable_path/Frameworks";
				PRODUCT_BUNDLE_IDENTIFIER = GKJ.CampusConnect;
				PRODUCT_NAME = "$(TARGET_NAME)";
				SWIFT_VERSION = 3.0;
			};
			name = Debug;
		};
		43F1C4E91F5918B0003C52F0 /* Release */ = {
			isa = XCBuildConfiguration;
			buildSettings = {
				ASSETCATALOG_COMPILER_APPICON_NAME = AppIcon;
				DEVELOPMENT_TEAM = Y887SSC5T4;
				INFOPLIST_FILE = CampusConnect/Info.plist;
				LD_RUNPATH_SEARCH_PATHS = "$(inherited) @executable_path/Frameworks";
				PRODUCT_BUNDLE_IDENTIFIER = GKJ.CampusConnect;
				PRODUCT_NAME = "$(TARGET_NAME)";
				SWIFT_VERSION = 3.0;
			};
			name = Release;
		};
/* End XCBuildConfiguration section */

/* Begin XCConfigurationList section */
		43F1C4CE1F5918B0003C52F0 /* Build configuration list for PBXProject "CampusConnect" */ = {
			isa = XCConfigurationList;
			buildConfigurations = (
				43F1C4E51F5918B0003C52F0 /* Debug */,
				43F1C4E61F5918B0003C52F0 /* Release */,
			);
			defaultConfigurationIsVisible = 0;
			defaultConfigurationName = Release;
		};
		43F1C4E71F5918B0003C52F0 /* Build configuration list for PBXNativeTarget "CampusConnect" */ = {
			isa = XCConfigurationList;
			buildConfigurations = (
				43F1C4E81F5918B0003C52F0 /* Debug */,
				43F1C4E91F5918B0003C52F0 /* Release */,
			);
			defaultConfigurationIsVisible = 0;
		};
/* End XCConfigurationList section */
	};
	rootObject = 43F1C4CB1F5918B0003C52F0 /* Project object */;
}
